{
  "name": "Proyecto-Puntal",
  "lockfileVersion": 2,
  "requires": true,
<<<<<<< HEAD
  "packages": {}
=======
  "packages": {
    "": {
      "dependencies": {
        "angular-datatables": "^15.0.0"
      }
    },
    "node_modules/angular-datatables": {
      "version": "15.0.0",
      "resolved": "https://registry.npmjs.org/angular-datatables/-/angular-datatables-15.0.0.tgz",
      "integrity": "sha512-tmg3Q6w5h6p1KBlNHqPhKKGvzbGwFDT9RZGXw1pZXGYMiP9Mb1Y4cRPq6so244RLwzDQdlnsC1jsLwP3vzoIdw=="
    }
  },
  "dependencies": {
    "angular-datatables": {
      "version": "15.0.0",
      "resolved": "https://registry.npmjs.org/angular-datatables/-/angular-datatables-15.0.0.tgz",
      "integrity": "sha512-tmg3Q6w5h6p1KBlNHqPhKKGvzbGwFDT9RZGXw1pZXGYMiP9Mb1Y4cRPq6so244RLwzDQdlnsC1jsLwP3vzoIdw=="
    }
  }
>>>>>>> 6f58aca2dd4a4c0043af7ba37d6123ddb3583ccd
}
